
Microsoft Visual Studio Solution File, Format Version 12.00
# Visual Studio Version 17
VisualStudioVersion = 17.0.31912.275
MinimumVisualStudioVersion = 10.0.40219.1
Project("{9A19103F-16F7-4668-BE54-9A1E7A4F7556}") = "xPower", "xPower\xPower.csproj", "{6DE17ED6-6E5E-4790-BC8E-9DB23D50F288}"
EndProject
Project("{FAE04EC0-301F-11D3-BF4B-00C04F79EFBC}") = "xPowerHub", "xPowerHub\xPowerHub.csproj", "{479FADAE-2F9A-4AFB-A814-B819AE0BD43A}"
EndProject
Global
	GlobalSection(SolutionConfigurationPlatforms) = preSolution
		Debug|Any CPU = Debug|Any CPU
		Release|Any CPU = Release|Any CPU
	EndGlobalSection
	GlobalSection(ProjectConfigurationPlatforms) = postSolution
		{6DE17ED6-6E5E-4790-BC8E-9DB23D50F288}.Debug|Any CPU.ActiveCfg = Debug|Any CPU
		{6DE17ED6-6E5E-4790-BC8E-9DB23D50F288}.Debug|Any CPU.Build.0 = Debug|Any CPU
		{6DE17ED6-6E5E-4790-BC8E-9DB23D50F288}.Release|Any CPU.ActiveCfg = Release|Any CPU
		{6DE17ED6-6E5E-4790-BC8E-9DB23D50F288}.Release|Any CPU.Build.0 = Release|Any CPU
		{479FADAE-2F9A-4AFB-A814-B819AE0BD43A}.Debug|Any CPU.ActiveCfg = Debug|Any CPU
		{479FADAE-2F9A-4AFB-A814-B819AE0BD43A}.Debug|Any CPU.Build.0 = Debug|Any CPU
		{479FADAE-2F9A-4AFB-A814-B819AE0BD43A}.Release|Any CPU.ActiveCfg = Release|Any CPU
		{479FADAE-2F9A-4AFB-A814-B819AE0BD43A}.Release|Any CPU.Build.0 = Release|Any CPU
	EndGlobalSection
	GlobalSection(SolutionProperties) = preSolution
		HideSolutionNode = FALSE
	EndGlobalSection
	GlobalSection(ExtensibilityGlobals) = postSolution
		SolutionGuid = {39461FB1-7DB7-4209-AF41-11DA249E0C0B}
	EndGlobalSection
EndGlobal
