
Microsoft Visual Studio Solution File, Format Version 12.00
# Visual Studio Version 17
VisualStudioVersion = 17.0.31912.275
MinimumVisualStudioVersion = 10.0.40219.1
Project("{9A19103F-16F7-4668-BE54-9A1E7A4F7556}") = "xPower", "xPower\xPower.csproj", "{6DE17ED6-6E5E-4790-BC8E-9DB23D50F288}"
EndProject
Project("{FAE04EC0-301F-11D3-BF4B-00C04F79EFBC}") = "xPowerPhoneApp.Android", "xPowerPhoneApp\xPowerPhoneApp.Android\xPowerPhoneApp.Android.csproj", "{375DC1C7-5D91-4BE9-8C35-5F28442C14E7}"
EndProject
Project("{FAE04EC0-301F-11D3-BF4B-00C04F79EFBC}") = "xPowerPhoneApp.iOS", "xPowerPhoneApp\xPowerPhoneApp.iOS\xPowerPhoneApp.iOS.csproj", "{BC4FF419-2AB3-46C1-9911-72833020C4A4}"
EndProject
Project("{9A19103F-16F7-4668-BE54-9A1E7A4F7556}") = "xPowerPhoneApp", "xPowerPhoneApp\xPowerPhoneApp\xPowerPhoneApp.csproj", "{77F07ECA-338A-4CAF-8156-80990F3CC6B9}"
EndProject
Project("{9A19103F-16F7-4668-BE54-9A1E7A4F7556}") = "xPowerHub", "xPowerHub\xPowerHub.csproj", "{479FADAE-2F9A-4AFB-A814-B819AE0BD43A}"
EndProject
Project("{FAE04EC0-301F-11D3-BF4B-00C04F79EFBC}") = "xPowerPhoneApp.Test", "xPowerPhoneApp.Test\xPowerPhoneApp.Test.csproj", "{F2F09994-1236-49C3-94F6-E0CF17DB1D3A}"
EndProject
Project("{9A19103F-16F7-4668-BE54-9A1E7A4F7556}") = "xPowerHub.Web", "xPowerHub.Web\xPowerHub.Web.csproj", "{537A172C-34B3-4A45-AE60-DFAAB8304689}"
EndProject
Global
	GlobalSection(SolutionConfigurationPlatforms) = preSolution
		Debug|Any CPU = Debug|Any CPU
		Debug|iPhone = Debug|iPhone
		Debug|iPhoneSimulator = Debug|iPhoneSimulator
		Release|Any CPU = Release|Any CPU
		Release|iPhone = Release|iPhone
		Release|iPhoneSimulator = Release|iPhoneSimulator
		Test|Any CPU = Test|Any CPU
		Test|iPhone = Test|iPhone
		Test|iPhoneSimulator = Test|iPhoneSimulator
	EndGlobalSection
	GlobalSection(ProjectConfigurationPlatforms) = postSolution
		{6DE17ED6-6E5E-4790-BC8E-9DB23D50F288}.Debug|Any CPU.ActiveCfg = Debug|Any CPU
		{6DE17ED6-6E5E-4790-BC8E-9DB23D50F288}.Debug|Any CPU.Build.0 = Debug|Any CPU
		{6DE17ED6-6E5E-4790-BC8E-9DB23D50F288}.Debug|iPhone.ActiveCfg = Debug|Any CPU
		{6DE17ED6-6E5E-4790-BC8E-9DB23D50F288}.Debug|iPhone.Build.0 = Debug|Any CPU
		{6DE17ED6-6E5E-4790-BC8E-9DB23D50F288}.Debug|iPhoneSimulator.ActiveCfg = Debug|Any CPU
		{6DE17ED6-6E5E-4790-BC8E-9DB23D50F288}.Debug|iPhoneSimulator.Build.0 = Debug|Any CPU
		{6DE17ED6-6E5E-4790-BC8E-9DB23D50F288}.Release|Any CPU.ActiveCfg = Release|Any CPU
		{6DE17ED6-6E5E-4790-BC8E-9DB23D50F288}.Release|Any CPU.Build.0 = Release|Any CPU
		{6DE17ED6-6E5E-4790-BC8E-9DB23D50F288}.Release|iPhone.ActiveCfg = Release|Any CPU
		{6DE17ED6-6E5E-4790-BC8E-9DB23D50F288}.Release|iPhone.Build.0 = Release|Any CPU
		{6DE17ED6-6E5E-4790-BC8E-9DB23D50F288}.Release|iPhoneSimulator.ActiveCfg = Release|Any CPU
		{6DE17ED6-6E5E-4790-BC8E-9DB23D50F288}.Release|iPhoneSimulator.Build.0 = Release|Any CPU
		{6DE17ED6-6E5E-4790-BC8E-9DB23D50F288}.Test|Any CPU.ActiveCfg = Debug|Any CPU
		{6DE17ED6-6E5E-4790-BC8E-9DB23D50F288}.Test|Any CPU.Build.0 = Debug|Any CPU
		{6DE17ED6-6E5E-4790-BC8E-9DB23D50F288}.Test|iPhone.ActiveCfg = Release|Any CPU
		{6DE17ED6-6E5E-4790-BC8E-9DB23D50F288}.Test|iPhone.Build.0 = Release|Any CPU
		{6DE17ED6-6E5E-4790-BC8E-9DB23D50F288}.Test|iPhoneSimulator.ActiveCfg = Release|Any CPU
		{6DE17ED6-6E5E-4790-BC8E-9DB23D50F288}.Test|iPhoneSimulator.Build.0 = Release|Any CPU
		{375DC1C7-5D91-4BE9-8C35-5F28442C14E7}.Debug|Any CPU.ActiveCfg = Debug|Any CPU
		{375DC1C7-5D91-4BE9-8C35-5F28442C14E7}.Debug|Any CPU.Build.0 = Debug|Any CPU
		{375DC1C7-5D91-4BE9-8C35-5F28442C14E7}.Debug|Any CPU.Deploy.0 = Debug|Any CPU
		{375DC1C7-5D91-4BE9-8C35-5F28442C14E7}.Debug|iPhone.ActiveCfg = Debug|Any CPU
		{375DC1C7-5D91-4BE9-8C35-5F28442C14E7}.Debug|iPhone.Build.0 = Debug|Any CPU
		{375DC1C7-5D91-4BE9-8C35-5F28442C14E7}.Debug|iPhone.Deploy.0 = Debug|Any CPU
		{375DC1C7-5D91-4BE9-8C35-5F28442C14E7}.Debug|iPhoneSimulator.ActiveCfg = Debug|Any CPU
		{375DC1C7-5D91-4BE9-8C35-5F28442C14E7}.Debug|iPhoneSimulator.Build.0 = Debug|Any CPU
		{375DC1C7-5D91-4BE9-8C35-5F28442C14E7}.Debug|iPhoneSimulator.Deploy.0 = Debug|Any CPU
		{375DC1C7-5D91-4BE9-8C35-5F28442C14E7}.Release|Any CPU.ActiveCfg = Release|Any CPU
		{375DC1C7-5D91-4BE9-8C35-5F28442C14E7}.Release|Any CPU.Build.0 = Release|Any CPU
		{375DC1C7-5D91-4BE9-8C35-5F28442C14E7}.Release|Any CPU.Deploy.0 = Release|Any CPU
		{375DC1C7-5D91-4BE9-8C35-5F28442C14E7}.Release|iPhone.ActiveCfg = Release|Any CPU
		{375DC1C7-5D91-4BE9-8C35-5F28442C14E7}.Release|iPhone.Build.0 = Release|Any CPU
		{375DC1C7-5D91-4BE9-8C35-5F28442C14E7}.Release|iPhone.Deploy.0 = Release|Any CPU
		{375DC1C7-5D91-4BE9-8C35-5F28442C14E7}.Release|iPhoneSimulator.ActiveCfg = Release|Any CPU
		{375DC1C7-5D91-4BE9-8C35-5F28442C14E7}.Release|iPhoneSimulator.Build.0 = Release|Any CPU
		{375DC1C7-5D91-4BE9-8C35-5F28442C14E7}.Release|iPhoneSimulator.Deploy.0 = Release|Any CPU
		{375DC1C7-5D91-4BE9-8C35-5F28442C14E7}.Test|Any CPU.ActiveCfg = Debug|Any CPU
		{375DC1C7-5D91-4BE9-8C35-5F28442C14E7}.Test|Any CPU.Build.0 = Debug|Any CPU
		{375DC1C7-5D91-4BE9-8C35-5F28442C14E7}.Test|Any CPU.Deploy.0 = Debug|Any CPU
		{375DC1C7-5D91-4BE9-8C35-5F28442C14E7}.Test|iPhone.ActiveCfg = Release|Any CPU
		{375DC1C7-5D91-4BE9-8C35-5F28442C14E7}.Test|iPhone.Build.0 = Release|Any CPU
		{375DC1C7-5D91-4BE9-8C35-5F28442C14E7}.Test|iPhone.Deploy.0 = Release|Any CPU
		{375DC1C7-5D91-4BE9-8C35-5F28442C14E7}.Test|iPhoneSimulator.ActiveCfg = Release|Any CPU
		{375DC1C7-5D91-4BE9-8C35-5F28442C14E7}.Test|iPhoneSimulator.Build.0 = Release|Any CPU
		{375DC1C7-5D91-4BE9-8C35-5F28442C14E7}.Test|iPhoneSimulator.Deploy.0 = Release|Any CPU
		{BC4FF419-2AB3-46C1-9911-72833020C4A4}.Debug|Any CPU.ActiveCfg = Debug|iPhoneSimulator
		{BC4FF419-2AB3-46C1-9911-72833020C4A4}.Debug|Any CPU.Build.0 = Debug|iPhoneSimulator
		{BC4FF419-2AB3-46C1-9911-72833020C4A4}.Debug|iPhone.ActiveCfg = Debug|iPhone
		{BC4FF419-2AB3-46C1-9911-72833020C4A4}.Debug|iPhone.Build.0 = Debug|iPhone
		{BC4FF419-2AB3-46C1-9911-72833020C4A4}.Debug|iPhoneSimulator.ActiveCfg = Debug|iPhoneSimulator
		{BC4FF419-2AB3-46C1-9911-72833020C4A4}.Debug|iPhoneSimulator.Build.0 = Debug|iPhoneSimulator
		{BC4FF419-2AB3-46C1-9911-72833020C4A4}.Release|Any CPU.ActiveCfg = Release|iPhoneSimulator
		{BC4FF419-2AB3-46C1-9911-72833020C4A4}.Release|Any CPU.Build.0 = Release|iPhoneSimulator
		{BC4FF419-2AB3-46C1-9911-72833020C4A4}.Release|iPhone.ActiveCfg = Release|iPhone
		{BC4FF419-2AB3-46C1-9911-72833020C4A4}.Release|iPhone.Build.0 = Release|iPhone
		{BC4FF419-2AB3-46C1-9911-72833020C4A4}.Release|iPhoneSimulator.ActiveCfg = Release|iPhoneSimulator
		{BC4FF419-2AB3-46C1-9911-72833020C4A4}.Release|iPhoneSimulator.Build.0 = Release|iPhoneSimulator
		{BC4FF419-2AB3-46C1-9911-72833020C4A4}.Test|Any CPU.ActiveCfg = Debug|iPhone
		{BC4FF419-2AB3-46C1-9911-72833020C4A4}.Test|Any CPU.Build.0 = Debug|iPhone
		{BC4FF419-2AB3-46C1-9911-72833020C4A4}.Test|iPhone.ActiveCfg = Release|iPhone
		{BC4FF419-2AB3-46C1-9911-72833020C4A4}.Test|iPhone.Build.0 = Release|iPhone
		{BC4FF419-2AB3-46C1-9911-72833020C4A4}.Test|iPhoneSimulator.ActiveCfg = Release|iPhoneSimulator
		{BC4FF419-2AB3-46C1-9911-72833020C4A4}.Test|iPhoneSimulator.Build.0 = Release|iPhoneSimulator
		{77F07ECA-338A-4CAF-8156-80990F3CC6B9}.Debug|Any CPU.ActiveCfg = Debug|Any CPU
		{77F07ECA-338A-4CAF-8156-80990F3CC6B9}.Debug|Any CPU.Build.0 = Debug|Any CPU
		{77F07ECA-338A-4CAF-8156-80990F3CC6B9}.Debug|iPhone.ActiveCfg = Debug|Any CPU
		{77F07ECA-338A-4CAF-8156-80990F3CC6B9}.Debug|iPhone.Build.0 = Debug|Any CPU
		{77F07ECA-338A-4CAF-8156-80990F3CC6B9}.Debug|iPhoneSimulator.ActiveCfg = Debug|Any CPU
		{77F07ECA-338A-4CAF-8156-80990F3CC6B9}.Debug|iPhoneSimulator.Build.0 = Debug|Any CPU
		{77F07ECA-338A-4CAF-8156-80990F3CC6B9}.Release|Any CPU.ActiveCfg = Release|Any CPU
		{77F07ECA-338A-4CAF-8156-80990F3CC6B9}.Release|Any CPU.Build.0 = Release|Any CPU
		{77F07ECA-338A-4CAF-8156-80990F3CC6B9}.Release|iPhone.ActiveCfg = Release|Any CPU
		{77F07ECA-338A-4CAF-8156-80990F3CC6B9}.Release|iPhone.Build.0 = Release|Any CPU
		{77F07ECA-338A-4CAF-8156-80990F3CC6B9}.Release|iPhoneSimulator.ActiveCfg = Release|Any CPU
		{77F07ECA-338A-4CAF-8156-80990F3CC6B9}.Release|iPhoneSimulator.Build.0 = Release|Any CPU
		{77F07ECA-338A-4CAF-8156-80990F3CC6B9}.Test|Any CPU.ActiveCfg = Debug|Any CPU
		{77F07ECA-338A-4CAF-8156-80990F3CC6B9}.Test|Any CPU.Build.0 = Debug|Any CPU
		{77F07ECA-338A-4CAF-8156-80990F3CC6B9}.Test|iPhone.ActiveCfg = Release|Any CPU
		{77F07ECA-338A-4CAF-8156-80990F3CC6B9}.Test|iPhone.Build.0 = Release|Any CPU
		{77F07ECA-338A-4CAF-8156-80990F3CC6B9}.Test|iPhoneSimulator.ActiveCfg = Release|Any CPU
		{77F07ECA-338A-4CAF-8156-80990F3CC6B9}.Test|iPhoneSimulator.Build.0 = Release|Any CPU
		{479FADAE-2F9A-4AFB-A814-B819AE0BD43A}.Debug|Any CPU.ActiveCfg = Debug|Any CPU
		{479FADAE-2F9A-4AFB-A814-B819AE0BD43A}.Debug|Any CPU.Build.0 = Debug|Any CPU
		{479FADAE-2F9A-4AFB-A814-B819AE0BD43A}.Debug|iPhone.ActiveCfg = Debug|Any CPU
		{479FADAE-2F9A-4AFB-A814-B819AE0BD43A}.Debug|iPhone.Build.0 = Debug|Any CPU
		{479FADAE-2F9A-4AFB-A814-B819AE0BD43A}.Debug|iPhoneSimulator.ActiveCfg = Debug|Any CPU
		{479FADAE-2F9A-4AFB-A814-B819AE0BD43A}.Debug|iPhoneSimulator.Build.0 = Debug|Any CPU
		{479FADAE-2F9A-4AFB-A814-B819AE0BD43A}.Release|Any CPU.ActiveCfg = Release|Any CPU
		{479FADAE-2F9A-4AFB-A814-B819AE0BD43A}.Release|Any CPU.Build.0 = Release|Any CPU
		{479FADAE-2F9A-4AFB-A814-B819AE0BD43A}.Release|iPhone.ActiveCfg = Release|Any CPU
		{479FADAE-2F9A-4AFB-A814-B819AE0BD43A}.Release|iPhone.Build.0 = Release|Any CPU
		{479FADAE-2F9A-4AFB-A814-B819AE0BD43A}.Release|iPhoneSimulator.ActiveCfg = Release|Any CPU
		{479FADAE-2F9A-4AFB-A814-B819AE0BD43A}.Release|iPhoneSimulator.Build.0 = Release|Any CPU
		{479FADAE-2F9A-4AFB-A814-B819AE0BD43A}.Test|Any CPU.ActiveCfg = Debug|Any CPU
		{479FADAE-2F9A-4AFB-A814-B819AE0BD43A}.Test|Any CPU.Build.0 = Debug|Any CPU
		{479FADAE-2F9A-4AFB-A814-B819AE0BD43A}.Test|iPhone.ActiveCfg = Release|Any CPU
		{479FADAE-2F9A-4AFB-A814-B819AE0BD43A}.Test|iPhone.Build.0 = Release|Any CPU
		{479FADAE-2F9A-4AFB-A814-B819AE0BD43A}.Test|iPhoneSimulator.ActiveCfg = Release|Any CPU
		{479FADAE-2F9A-4AFB-A814-B819AE0BD43A}.Test|iPhoneSimulator.Build.0 = Release|Any CPU
		{F2F09994-1236-49C3-94F6-E0CF17DB1D3A}.Debug|Any CPU.ActiveCfg = Debug|Any CPU
		{F2F09994-1236-49C3-94F6-E0CF17DB1D3A}.Debug|Any CPU.Build.0 = Debug|Any CPU
		{F2F09994-1236-49C3-94F6-E0CF17DB1D3A}.Debug|iPhone.ActiveCfg = Debug|Any CPU
		{F2F09994-1236-49C3-94F6-E0CF17DB1D3A}.Debug|iPhone.Build.0 = Debug|Any CPU
		{F2F09994-1236-49C3-94F6-E0CF17DB1D3A}.Debug|iPhoneSimulator.ActiveCfg = Debug|Any CPU
		{F2F09994-1236-49C3-94F6-E0CF17DB1D3A}.Debug|iPhoneSimulator.Build.0 = Debug|Any CPU
		{F2F09994-1236-49C3-94F6-E0CF17DB1D3A}.Release|Any CPU.ActiveCfg = Release|Any CPU
		{F2F09994-1236-49C3-94F6-E0CF17DB1D3A}.Release|Any CPU.Build.0 = Release|Any CPU
		{F2F09994-1236-49C3-94F6-E0CF17DB1D3A}.Release|iPhone.ActiveCfg = Release|Any CPU
		{F2F09994-1236-49C3-94F6-E0CF17DB1D3A}.Release|iPhone.Build.0 = Release|Any CPU
		{F2F09994-1236-49C3-94F6-E0CF17DB1D3A}.Release|iPhoneSimulator.ActiveCfg = Release|Any CPU
		{F2F09994-1236-49C3-94F6-E0CF17DB1D3A}.Release|iPhoneSimulator.Build.0 = Release|Any CPU
		{F2F09994-1236-49C3-94F6-E0CF17DB1D3A}.Test|Any CPU.ActiveCfg = Debug|Any CPU
		{F2F09994-1236-49C3-94F6-E0CF17DB1D3A}.Test|Any CPU.Build.0 = Debug|Any CPU
		{F2F09994-1236-49C3-94F6-E0CF17DB1D3A}.Test|iPhone.ActiveCfg = Release|Any CPU
		{F2F09994-1236-49C3-94F6-E0CF17DB1D3A}.Test|iPhone.Build.0 = Release|Any CPU
		{F2F09994-1236-49C3-94F6-E0CF17DB1D3A}.Test|iPhoneSimulator.ActiveCfg = Release|Any CPU
		{F2F09994-1236-49C3-94F6-E0CF17DB1D3A}.Test|iPhoneSimulator.Build.0 = Release|Any CPU
		{537A172C-34B3-4A45-AE60-DFAAB8304689}.Debug|Any CPU.ActiveCfg = Debug|Any CPU
		{537A172C-34B3-4A45-AE60-DFAAB8304689}.Debug|Any CPU.Build.0 = Debug|Any CPU
		{537A172C-34B3-4A45-AE60-DFAAB8304689}.Debug|iPhone.ActiveCfg = Debug|Any CPU
		{537A172C-34B3-4A45-AE60-DFAAB8304689}.Debug|iPhone.Build.0 = Debug|Any CPU
		{537A172C-34B3-4A45-AE60-DFAAB8304689}.Debug|iPhoneSimulator.ActiveCfg = Debug|Any CPU
		{537A172C-34B3-4A45-AE60-DFAAB8304689}.Debug|iPhoneSimulator.Build.0 = Debug|Any CPU
		{537A172C-34B3-4A45-AE60-DFAAB8304689}.Release|Any CPU.ActiveCfg = Release|Any CPU
		{537A172C-34B3-4A45-AE60-DFAAB8304689}.Release|Any CPU.Build.0 = Release|Any CPU
		{537A172C-34B3-4A45-AE60-DFAAB8304689}.Release|iPhone.ActiveCfg = Release|Any CPU
		{537A172C-34B3-4A45-AE60-DFAAB8304689}.Release|iPhone.Build.0 = Release|Any CPU
		{537A172C-34B3-4A45-AE60-DFAAB8304689}.Release|iPhoneSimulator.ActiveCfg = Release|Any CPU
		{537A172C-34B3-4A45-AE60-DFAAB8304689}.Release|iPhoneSimulator.Build.0 = Release|Any CPU
		{537A172C-34B3-4A45-AE60-DFAAB8304689}.Test|Any CPU.ActiveCfg = Test|Any CPU
		{537A172C-34B3-4A45-AE60-DFAAB8304689}.Test|Any CPU.Build.0 = Test|Any CPU
		{537A172C-34B3-4A45-AE60-DFAAB8304689}.Test|iPhone.ActiveCfg = Test|Any CPU
		{537A172C-34B3-4A45-AE60-DFAAB8304689}.Test|iPhone.Build.0 = Test|Any CPU
		{537A172C-34B3-4A45-AE60-DFAAB8304689}.Test|iPhoneSimulator.ActiveCfg = Test|Any CPU
		{537A172C-34B3-4A45-AE60-DFAAB8304689}.Test|iPhoneSimulator.Build.0 = Test|Any CPU
	EndGlobalSection
	GlobalSection(SolutionProperties) = preSolution
		HideSolutionNode = FALSE
	EndGlobalSection
	GlobalSection(ExtensibilityGlobals) = postSolution
		SolutionGuid = {39461FB1-7DB7-4209-AF41-11DA249E0C0B}
	EndGlobalSection
EndGlobal
